{
  "requires": true,
  "lockfileVersion": 1,
  "dependencies": {
    "types-registry": {
      "version": "0.1.435",
      "resolved": "https://registry.npmjs.org/types-registry/-/types-registry-0.1.435.tgz",
      "integrity": "sha512-LBaG05MZeB2ZJyW1WZnF9HpmJpfi+BP6vfQWUB6OY/On8/IF+tx546ttc8jMunrgHWhbGvqDi79ON2aESqhMEQ=="
    }
  }
}
